
Microsoft Visual Studio Solution File, Format Version 12.00
# Visual Studio Version 17
VisualStudioVersion = 17.0.31912.275
MinimumVisualStudioVersion = 10.0.40219.1
Project("{FAE04EC0-301F-11D3-BF4B-00C04F79EFBC}") = "Capstone_Project", "Capstone_Project\Capstone_Project.csproj", "{DBDD21C7-6017-4830-848F-B1D2B4BDC0C7}"
EndProject
Global
	GlobalSection(SolutionConfigurationPlatforms) = preSolution
		Debug|Any CPU = Debug|Any CPU
		Release|Any CPU = Release|Any CPU
	EndGlobalSection
	GlobalSection(ProjectConfigurationPlatforms) = postSolution
		{DBDD21C7-6017-4830-848F-B1D2B4BDC0C7}.Debug|Any CPU.ActiveCfg = Debug|Any CPU
		{DBDD21C7-6017-4830-848F-B1D2B4BDC0C7}.Debug|Any CPU.Build.0 = Debug|Any CPU
		{DBDD21C7-6017-4830-848F-B1D2B4BDC0C7}.Release|Any CPU.ActiveCfg = Release|Any CPU
		{DBDD21C7-6017-4830-848F-B1D2B4BDC0C7}.Release|Any CPU.Build.0 = Release|Any CPU
	EndGlobalSection
	GlobalSection(SolutionProperties) = preSolution
		HideSolutionNode = FALSE
	EndGlobalSection
	GlobalSection(ExtensibilityGlobals) = postSolution
		SolutionGuid = {5128A24C-D830-4882-9CE7-5C25388636B4}
	EndGlobalSection
EndGlobal
